// !$*UTF8*$!
{
	archiveVersion = 1;
	classes = {
	};
	objectVersion = 56;
	objects = {

/* Begin PBXBuildFile section */
		0112333C2BA1EC5600ADEA41 /* AppDelegate.swift in Sources */ = {isa = PBXBuildFile; fileRef = 0112333B2BA1EC5600ADEA41 /* AppDelegate.swift */; };
		0112333E2BA1EC5600ADEA41 /* SceneDelegate.swift in Sources */ = {isa = PBXBuildFile; fileRef = 0112333D2BA1EC5600ADEA41 /* SceneDelegate.swift */; };
		011233402BA1EC5600ADEA41 /* ViewController.swift in Sources */ = {isa = PBXBuildFile; fileRef = 0112333F2BA1EC5600ADEA41 /* ViewController.swift */; };
		011233432BA1EC5600ADEA41 /* Main.storyboard in Resources */ = {isa = PBXBuildFile; fileRef = 011233412BA1EC5600ADEA41 /* Main.storyboard */; };
		011233452BA1EC5700ADEA41 /* Assets.xcassets in Resources */ = {isa = PBXBuildFile; fileRef = 011233442BA1EC5700ADEA41 /* Assets.xcassets */; };
		011233482BA1EC5700ADEA41 /* LaunchScreen.storyboard in Resources */ = {isa = PBXBuildFile; fileRef = 011233462BA1EC5700ADEA41 /* LaunchScreen.storyboard */; };
		011233532BA1EC5700ADEA41 /* RandomSnakeTests.swift in Sources */ = {isa = PBXBuildFile; fileRef = 011233522BA1EC5700ADEA41 /* RandomSnakeTests.swift */; };
		0112335D2BA1EC5700ADEA41 /* RandomSnakeUITests.swift in Sources */ = {isa = PBXBuildFile; fileRef = 0112335C2BA1EC5700ADEA41 /* RandomSnakeUITests.swift */; };
		0112335F2BA1EC5700ADEA41 /* RandomSnakeUITestsLaunchTests.swift in Sources */ = {isa = PBXBuildFile; fileRef = 0112335E2BA1EC5700ADEA41 /* RandomSnakeUITestsLaunchTests.swift */; };
/* End PBXBuildFile section */

/* Begin PBXContainerItemProxy section */
		0112334F2BA1EC5700ADEA41 /* PBXContainerItemProxy */ = {
			isa = PBXContainerItemProxy;
			containerPortal = 011233302BA1EC5600ADEA41 /* Project object */;
			proxyType = 1;
			remoteGlobalIDString = 011233372BA1EC5600ADEA41;
			remoteInfo = RandomSnake;
		};
		011233592BA1EC5700ADEA41 /* PBXContainerItemProxy */ = {
			isa = PBXContainerItemProxy;
			containerPortal = 011233302BA1EC5600ADEA41 /* Project object */;
			proxyType = 1;
			remoteGlobalIDString = 011233372BA1EC5600ADEA41;
			remoteInfo = RandomSnake;
		};
/* End PBXContainerItemProxy section */

/* Begin PBXFileReference section */
		011233382BA1EC5600ADEA41 /* RandomSnake.app */ = {isa = PBXFileReference; explicitFileType = wrapper.application; includeInIndex = 0; path = RandomSnake.app; sourceTree = BUILT_PRODUCTS_DIR; };
		0112333B2BA1EC5600ADEA41 /* AppDelegate.swift */ = {isa = PBXFileReference; lastKnownFileType = sourcecode.swift; path = AppDelegate.swift; sourceTree = "<group>"; };
		0112333D2BA1EC5600ADEA41 /* SceneDelegate.swift */ = {isa = PBXFileReference; lastKnownFileType = sourcecode.swift; path = SceneDelegate.swift; sourceTree = "<group>"; };
		0112333F2BA1EC5600ADEA41 /* ViewController.swift */ = {isa = PBXFileReference; lastKnownFileType = sourcecode.swift; path = ViewController.swift; sourceTree = "<group>"; };
		011233422BA1EC5600ADEA41 /* Base */ = {isa = PBXFileReference; lastKnownFileType = file.storyboard; name = Base; path = Base.lproj/Main.storyboard; sourceTree = "<group>"; };
		011233442BA1EC5700ADEA41 /* Assets.xcassets */ = {isa = PBXFileReference; lastKnownFileType = folder.assetcatalog; path = Assets.xcassets; sourceTree = "<group>"; };
		011233472BA1EC5700ADEA41 /* Base */ = {isa = PBXFileReference; lastKnownFileType = file.storyboard; name = Base; path = Base.lproj/LaunchScreen.storyboard; sourceTree = "<group>"; };
		011233492BA1EC5700ADEA41 /* Info.plist */ = {isa = PBXFileReference; lastKnownFileType = text.plist.xml; path = Info.plist; sourceTree = "<group>"; };
		0112334E2BA1EC5700ADEA41 /* RandomSnakeTests.xctest */ = {isa = PBXFileReference; explicitFileType = wrapper.cfbundle; includeInIndex = 0; path = RandomSnakeTests.xctest; sourceTree = BUILT_PRODUCTS_DIR; };
		011233522BA1EC5700ADEA41 /* RandomSnakeTests.swift */ = {isa = PBXFileReference; lastKnownFileType = sourcecode.swift; path = RandomSnakeTests.swift; sourceTree = "<group>"; };
		011233582BA1EC5700ADEA41 /* RandomSnakeUITests.xctest */ = {isa = PBXFileReference; explicitFileType = wrapper.cfbundle; includeInIndex = 0; path = RandomSnakeUITests.xctest; sourceTree = BUILT_PRODUCTS_DIR; };
		0112335C2BA1EC5700ADEA41 /* RandomSnakeUITests.swift */ = {isa = PBXFileReference; lastKnownFileType = sourcecode.swift; path = RandomSnakeUITests.swift; sourceTree = "<group>"; };
		0112335E2BA1EC5700ADEA41 /* RandomSnakeUITestsLaunchTests.swift */ = {isa = PBXFileReference; lastKnownFileType = sourcecode.swift; path = RandomSnakeUITestsLaunchTests.swift; sourceTree = "<group>"; };
/* End PBXFileReference section */

/* Begin PBXFrameworksBuildPhase section */
		011233352BA1EC5600ADEA41 /* Frameworks */ = {
			isa = PBXFrameworksBuildPhase;
			buildActionMask = 2147483647;
			files = (
			);
			runOnlyForDeploymentPostprocessing = 0;
		};
		0112334B2BA1EC5700ADEA41 /* Frameworks */ = {
			isa = PBXFrameworksBuildPhase;
			buildActionMask = 2147483647;
			files = (
			);
			runOnlyForDeploymentPostprocessing = 0;
		};
		011233552BA1EC5700ADEA41 /* Frameworks */ = {
			isa = PBXFrameworksBuildPhase;
			buildActionMask = 2147483647;
			files = (
			);
			runOnlyForDeploymentPostprocessing = 0;
		};
/* End PBXFrameworksBuildPhase section */

/* Begin PBXGroup section */
		0112332F2BA1EC5600ADEA41 = {
			isa = PBXGroup;
			children = (
				0112333A2BA1EC5600ADEA41 /* RandomSnake */,
				011233512BA1EC5700ADEA41 /* RandomSnakeTests */,
				0112335B2BA1EC5700ADEA41 /* RandomSnakeUITests */,
				011233392BA1EC5600ADEA41 /* Products */,
			);
			sourceTree = "<group>";
		};
		011233392BA1EC5600ADEA41 /* Products */ = {
			isa = PBXGroup;
			children = (
				011233382BA1EC5600ADEA41 /* RandomSnake.app */,
				0112334E2BA1EC5700ADEA41 /* RandomSnakeTests.xctest */,
				011233582BA1EC5700ADEA41 /* RandomSnakeUITests.xctest */,
			);
			name = Products;
			sourceTree = "<group>";
		};
		0112333A2BA1EC5600ADEA41 /* RandomSnake */ = {
			isa = PBXGroup;
			children = (
				0112333B2BA1EC5600ADEA41 /* AppDelegate.swift */,
				0112333D2BA1EC5600ADEA41 /* SceneDelegate.swift */,
				0112333F2BA1EC5600ADEA41 /* ViewController.swift */,
				011233412BA1EC5600ADEA41 /* Main.storyboard */,
				0112336B2BA1F42F00ADEA41 /* Resources */,
			);
			path = RandomSnake;
			sourceTree = "<group>";
		};
		011233512BA1EC5700ADEA41 /* RandomSnakeTests */ = {
			isa = PBXGroup;
			children = (
				011233522BA1EC5700ADEA41 /* RandomSnakeTests.swift */,
			);
			path = RandomSnakeTests;
			sourceTree = "<group>";
		};
		0112335B2BA1EC5700ADEA41 /* RandomSnakeUITests */ = {
			isa = PBXGroup;
			children = (
				0112335C2BA1EC5700ADEA41 /* RandomSnakeUITests.swift */,
				0112335E2BA1EC5700ADEA41 /* RandomSnakeUITestsLaunchTests.swift */,
			);
			path = RandomSnakeUITests;
			sourceTree = "<group>";
		};
		0112336B2BA1F42F00ADEA41 /* Resources */ = {
			isa = PBXGroup;
			children = (
				011233492BA1EC5700ADEA41 /* Info.plist */,
				011233462BA1EC5700ADEA41 /* LaunchScreen.storyboard */,
				011233442BA1EC5700ADEA41 /* Assets.xcassets */,
			);
			path = Resources;
			sourceTree = "<group>";
		};
/* End PBXGroup section */

/* Begin PBXNativeTarget section */
		011233372BA1EC5600ADEA41 /* RandomSnake */ = {
			isa = PBXNativeTarget;
			buildConfigurationList = 011233622BA1EC5700ADEA41 /* Build configuration list for PBXNativeTarget "RandomSnake" */;
			buildPhases = (
				011233342BA1EC5600ADEA41 /* Sources */,
				011233352BA1EC5600ADEA41 /* Frameworks */,
				011233362BA1EC5600ADEA41 /* Resources */,
			);
			buildRules = (
			);
			dependencies = (
			);
			name = RandomSnake;
			productName = RandomSnake;
			productReference = 011233382BA1EC5600ADEA41 /* RandomSnake.app */;
			productType = "com.apple.product-type.application";
		};
		0112334D2BA1EC5700ADEA41 /* RandomSnakeTests */ = {
			isa = PBXNativeTarget;
			buildConfigurationList = 011233652BA1EC5700ADEA41 /* Build configuration list for PBXNativeTarget "RandomSnakeTests" */;
			buildPhases = (
				0112334A2BA1EC5700ADEA41 /* Sources */,
				0112334B2BA1EC5700ADEA41 /* Frameworks */,
				0112334C2BA1EC5700ADEA41 /* Resources */,
			);
			buildRules = (
			);
			dependencies = (
				011233502BA1EC5700ADEA41 /* PBXTargetDependency */,
			);
			name = RandomSnakeTests;
			productName = RandomSnakeTests;
			productReference = 0112334E2BA1EC5700ADEA41 /* RandomSnakeTests.xctest */;
			productType = "com.apple.product-type.bundle.unit-test";
		};
		011233572BA1EC5700ADEA41 /* RandomSnakeUITests */ = {
			isa = PBXNativeTarget;
			buildConfigurationList = 011233682BA1EC5700ADEA41 /* Build configuration list for PBXNativeTarget "RandomSnakeUITests" */;
			buildPhases = (
				011233542BA1EC5700ADEA41 /* Sources */,
				011233552BA1EC5700ADEA41 /* Frameworks */,
				011233562BA1EC5700ADEA41 /* Resources */,
			);
			buildRules = (
			);
			dependencies = (
				0112335A2BA1EC5700ADEA41 /* PBXTargetDependency */,
			);
			name = RandomSnakeUITests;
			productName = RandomSnakeUITests;
			productReference = 011233582BA1EC5700ADEA41 /* RandomSnakeUITests.xctest */;
			productType = "com.apple.product-type.bundle.ui-testing";
		};
/* End PBXNativeTarget section */

/* Begin PBXProject section */
		011233302BA1EC5600ADEA41 /* Project object */ = {
			isa = PBXProject;
			attributes = {
				BuildIndependentTargetsInParallel = 1;
				LastSwiftUpdateCheck = 1520;
				LastUpgradeCheck = 1520;
				TargetAttributes = {
					011233372BA1EC5600ADEA41 = {
						CreatedOnToolsVersion = 15.2;
					};
					0112334D2BA1EC5700ADEA41 = {
						CreatedOnToolsVersion = 15.2;
						TestTargetID = 011233372BA1EC5600ADEA41;
					};
					011233572BA1EC5700ADEA41 = {
						CreatedOnToolsVersion = 15.2;
						TestTargetID = 011233372BA1EC5600ADEA41;
					};
				};
			};
			buildConfigurationList = 011233332BA1EC5600ADEA41 /* Build configuration list for PBXProject "RandomSnake" */;
			compatibilityVersion = "Xcode 14.0";
			developmentRegion = en;
			hasScannedForEncodings = 0;
			knownRegions = (
				en,
				Base,
			);
			mainGroup = 0112332F2BA1EC5600ADEA41;
			productRefGroup = 011233392BA1EC5600ADEA41 /* Products */;
			projectDirPath = "";
			projectRoot = "";
			targets = (
				011233372BA1EC5600ADEA41 /* RandomSnake */,
				0112334D2BA1EC5700ADEA41 /* RandomSnakeTests */,
				011233572BA1EC5700ADEA41 /* RandomSnakeUITests */,
			);
		};
/* End PBXProject section */

/* Begin PBXResourcesBuildPhase section */
		011233362BA1EC5600ADEA41 /* Resources */ = {
			isa = PBXResourcesBuildPhase;
			buildActionMask = 2147483647;
			files = (
				011233482BA1EC5700ADEA41 /* LaunchScreen.storyboard in Resources */,
				011233452BA1EC5700ADEA41 /* Assets.xcassets in Resources */,
				011233432BA1EC5600ADEA41 /* Main.storyboard in Resources */,
			);
			runOnlyForDeploymentPostprocessing = 0;
		};
		0112334C2BA1EC5700ADEA41 /* Resources */ = {
			isa = PBXResourcesBuildPhase;
			buildActionMask = 2147483647;
			files = (
			);
			runOnlyForDeploymentPostprocessing = 0;
		};
		011233562BA1EC5700ADEA41 /* Resources */ = {
			isa = PBXResourcesBuildPhase;
			buildActionMask = 2147483647;
			files = (
			);
			runOnlyForDeploymentPostprocessing = 0;
		};
/* End PBXResourcesBuildPhase section */

/* Begin PBXSourcesBuildPhase section */
		011233342BA1EC5600ADEA41 /* Sources */ = {
			isa = PBXSourcesBuildPhase;
			buildActionMask = 2147483647;
			files = (
				011233402BA1EC5600ADEA41 /* ViewController.swift in Sources */,
				0112333C2BA1EC5600ADEA41 /* AppDelegate.swift in Sources */,
				0112333E2BA1EC5600ADEA41 /* SceneDelegate.swift in Sources */,
			);
			runOnlyForDeploymentPostprocessing = 0;
		};
		0112334A2BA1EC5700ADEA41 /* Sources */ = {
			isa = PBXSourcesBuildPhase;
			buildActionMask = 2147483647;
			files = (
				011233532BA1EC5700ADEA41 /* RandomSnakeTests.swift in Sources */,
			);
			runOnlyForDeploymentPostprocessing = 0;
		};
		011233542BA1EC5700ADEA41 /* Sources */ = {
			isa = PBXSourcesBuildPhase;
			buildActionMask = 2147483647;
			files = (
				0112335F2BA1EC5700ADEA41 /* RandomSnakeUITestsLaunchTests.swift in Sources */,
				0112335D2BA1EC5700ADEA41 /* RandomSnakeUITests.swift in Sources */,
			);
			runOnlyForDeploymentPostprocessing = 0;
		};
/* End PBXSourcesBuildPhase section */

/* Begin PBXTargetDependency section */
		011233502BA1EC5700ADEA41 /* PBXTargetDependency */ = {
			isa = PBXTargetDependency;
			target = 011233372BA1EC5600ADEA41 /* RandomSnake */;
			targetProxy = 0112334F2BA1EC5700ADEA41 /* PBXContainerItemProxy */;
		};
		0112335A2BA1EC5700ADEA41 /* PBXTargetDependency */ = {
			isa = PBXTargetDependency;
			target = 011233372BA1EC5600ADEA41 /* RandomSnake */;
			targetProxy = 011233592BA1EC5700ADEA41 /* PBXContainerItemProxy */;
		};
/* End PBXTargetDependency section */

/* Begin PBXVariantGroup section */
		011233412BA1EC5600ADEA41 /* Main.storyboard */ = {
			isa = PBXVariantGroup;
			children = (
				011233422BA1EC5600ADEA41 /* Base */,
			);
			name = Main.storyboard;
			sourceTree = "<group>";
		};
		011233462BA1EC5700ADEA41 /* LaunchScreen.storyboard */ = {
			isa = PBXVariantGroup;
			children = (
				011233472BA1EC5700ADEA41 /* Base */,
			);
			name = LaunchScreen.storyboard;
			sourceTree = "<group>";
		};
/* End PBXVariantGroup section */

/* Begin XCBuildConfiguration section */
		011233602BA1EC5700ADEA41 /* Debug */ = {
			isa = XCBuildConfiguration;
			buildSettings = {
				ALWAYS_SEARCH_USER_PATHS = NO;
				ASSETCATALOG_COMPILER_GENERATE_SWIFT_ASSET_SYMBOL_EXTENSIONS = YES;
				CLANG_ANALYZER_NONNULL = YES;
				CLANG_ANALYZER_NUMBER_OBJECT_CONVERSION = YES_AGGRESSIVE;
				CLANG_CXX_LANGUAGE_STANDARD = "gnu++20";
				CLANG_ENABLE_MODULES = YES;
				CLANG_ENABLE_OBJC_ARC = YES;
				CLANG_ENABLE_OBJC_WEAK = YES;
				CLANG_WARN_BLOCK_CAPTURE_AUTORELEASING = YES;
				CLANG_WARN_BOOL_CONVERSION = YES;
				CLANG_WARN_COMMA = YES;
				CLANG_WARN_CONSTANT_CONVERSION = YES;
				CLANG_WARN_DEPRECATED_OBJC_IMPLEMENTATIONS = YES;
				CLANG_WARN_DIRECT_OBJC_ISA_USAGE = YES_ERROR;
				CLANG_WARN_DOCUMENTATION_COMMENTS = YES;
				CLANG_WARN_EMPTY_BODY = YES;
				CLANG_WARN_ENUM_CONVERSION = YES;
				CLANG_WARN_INFINITE_RECURSION = YES;
				CLANG_WARN_INT_CONVERSION = YES;
				CLANG_WARN_NON_LITERAL_NULL_CONVERSION = YES;
				CLANG_WARN_OBJC_IMPLICIT_RETAIN_SELF = YES;
				CLANG_WARN_OBJC_LITERAL_CONVERSION = YES;
				CLANG_WARN_OBJC_ROOT_CLASS = YES_ERROR;
				CLANG_WARN_QUOTED_INCLUDE_IN_FRAMEWORK_HEADER = YES;
				CLANG_WARN_RANGE_LOOP_ANALYSIS = YES;
				CLANG_WARN_STRICT_PROTOTYPES = YES;
				CLANG_WARN_SUSPICIOUS_MOVE = YES;
				CLANG_WARN_UNGUARDED_AVAILABILITY = YES_AGGRESSIVE;
				CLANG_WARN_UNREACHABLE_CODE = YES;
				CLANG_WARN__DUPLICATE_METHOD_MATCH = YES;
				COPY_PHASE_STRIP = NO;
				DEBUG_INFORMATION_FORMAT = dwarf;
				ENABLE_STRICT_OBJC_MSGSEND = YES;
				ENABLE_TESTABILITY = YES;
				ENABLE_USER_SCRIPT_SANDBOXING = YES;
				GCC_C_LANGUAGE_STANDARD = gnu17;
				GCC_DYNAMIC_NO_PIC = NO;
				GCC_NO_COMMON_BLOCKS = YES;
				GCC_OPTIMIZATION_LEVEL = 0;
				GCC_PREPROCESSOR_DEFINITIONS = (
					"DEBUG=1",
					"$(inherited)",
				);
				GCC_WARN_64_TO_32_BIT_CONVERSION = YES;
				GCC_WARN_ABOUT_RETURN_TYPE = YES_ERROR;
				GCC_WARN_UNDECLARED_SELECTOR = YES;
				GCC_WARN_UNINITIALIZED_AUTOS = YES_AGGRESSIVE;
				GCC_WARN_UNUSED_FUNCTION = YES;
				GCC_WARN_UNUSED_VARIABLE = YES;
				IPHONEOS_DEPLOYMENT_TARGET = 17.2;
				LOCALIZATION_PREFERS_STRING_CATALOGS = YES;
				MTL_ENABLE_DEBUG_INFO = INCLUDE_SOURCE;
				MTL_FAST_MATH = YES;
				ONLY_ACTIVE_ARCH = YES;
				SDKROOT = iphoneos;
				SWIFT_ACTIVE_COMPILATION_CONDITIONS = "DEBUG $(inherited)";
				SWIFT_OPTIMIZATION_LEVEL = "-Onone";
			};
			name = Debug;
		};
		011233612BA1EC5700ADEA41 /* Release */ = {
			isa = XCBuildConfiguration;
			buildSettings = {
				ALWAYS_SEARCH_USER_PATHS = NO;
				ASSETCATALOG_COMPILER_GENERATE_SWIFT_ASSET_SYMBOL_EXTENSIONS = YES;
				CLANG_ANALYZER_NONNULL = YES;
				CLANG_ANALYZER_NUMBER_OBJECT_CONVERSION = YES_AGGRESSIVE;
				CLANG_CXX_LANGUAGE_STANDARD = "gnu++20";
				CLANG_ENABLE_MODULES = YES;
				CLANG_ENABLE_OBJC_ARC = YES;
				CLANG_ENABLE_OBJC_WEAK = YES;
				CLANG_WARN_BLOCK_CAPTURE_AUTORELEASING = YES;
				CLANG_WARN_BOOL_CONVERSION = YES;
				CLANG_WARN_COMMA = YES;
				CLANG_WARN_CONSTANT_CONVERSION = YES;
				CLANG_WARN_DEPRECATED_OBJC_IMPLEMENTATIONS = YES;
				CLANG_WARN_DIRECT_OBJC_ISA_USAGE = YES_ERROR;
				CLANG_WARN_DOCUMENTATION_COMMENTS = YES;
				CLANG_WARN_EMPTY_BODY = YES;
				CLANG_WARN_ENUM_CONVERSION = YES;
				CLANG_WARN_INFINITE_RECURSION = YES;
				CLANG_WARN_INT_CONVERSION = YES;
				CLANG_WARN_NON_LITERAL_NULL_CONVERSION = YES;
				CLANG_WARN_OBJC_IMPLICIT_RETAIN_SELF = YES;
				CLANG_WARN_OBJC_LITERAL_CONVERSION = YES;
				CLANG_WARN_OBJC_ROOT_CLASS = YES_ERROR;
				CLANG_WARN_QUOTED_INCLUDE_IN_FRAMEWORK_HEADER = YES;
				CLANG_WARN_RANGE_LOOP_ANALYSIS = YES;
				CLANG_WARN_STRICT_PROTOTYPES = YES;
				CLANG_WARN_SUSPICIOUS_MOVE = YES;
				CLANG_WARN_UNGUARDED_AVAILABILITY = YES_AGGRESSIVE;
				CLANG_WARN_UNREACHABLE_CODE = YES;
				CLANG_WARN__DUPLICATE_METHOD_MATCH = YES;
				COPY_PHASE_STRIP = NO;
				DEBUG_INFORMATION_FORMAT = "dwarf-with-dsym";
				ENABLE_NS_ASSERTIONS = NO;
				ENABLE_STRICT_OBJC_MSGSEND = YES;
				ENABLE_USER_SCRIPT_SANDBOXING = YES;
				GCC_C_LANGUAGE_STANDARD = gnu17;
				GCC_NO_COMMON_BLOCKS = YES;
				GCC_WARN_64_TO_32_BIT_CONVERSION = YES;
				GCC_WARN_ABOUT_RETURN_TYPE = YES_ERROR;
				GCC_WARN_UNDECLARED_SELECTOR = YES;
				GCC_WARN_UNINITIALIZED_AUTOS = YES_AGGRESSIVE;
				GCC_WARN_UNUSED_FUNCTION = YES;
				GCC_WARN_UNUSED_VARIABLE = YES;
				IPHONEOS_DEPLOYMENT_TARGET = 17.2;
				LOCALIZATION_PREFERS_STRING_CATALOGS = YES;
				MTL_ENABLE_DEBUG_INFO = NO;
				MTL_FAST_MATH = YES;
				SDKROOT = iphoneos;
				SWIFT_COMPILATION_MODE = wholemodule;
				VALIDATE_PRODUCT = YES;
			};
			name = Release;
		};
		011233632BA1EC5700ADEA41 /* Debug */ = {
			isa = XCBuildConfiguration;
			buildSettings = {
				ASSETCATALOG_COMPILER_APPICON_NAME = AppIcon;
				ASSETCATALOG_COMPILER_GLOBAL_ACCENT_COLOR_NAME = AccentColor;
				CODE_SIGN_STYLE = Automatic;
				CURRENT_PROJECT_VERSION = 1;
				DEVELOPMENT_TEAM = 7KDZ7J3JZC;
				GENERATE_INFOPLIST_FILE = YES;
				INFOPLIST_FILE = RandomSnake/Info.plist;
				INFOPLIST_KEY_UIApplicationSupportsIndirectInputEvents = YES;
				INFOPLIST_KEY_UILaunchStoryboardName = LaunchScreen;
				INFOPLIST_KEY_UIMainStoryboardFile = Main;
				INFOPLIST_KEY_UISupportedInterfaceOrientations_iPad = "UIInterfaceOrientationPortrait UIInterfaceOrientationPortraitUpsideDown UIInterfaceOrientationLandscapeLeft UIInterfaceOrientationLandscapeRight";
				INFOPLIST_KEY_UISupportedInterfaceOrientations_iPhone = "UIInterfaceOrientationPortrait UIInterfaceOrientationLandscapeLeft UIInterfaceOrientationLandscapeRight";
				LD_RUNPATH_SEARCH_PATHS = (
					"$(inherited)",
					"@executable_path/Frameworks",
				);
				MARKETING_VERSION = 1.0;
				PRODUCT_BUNDLE_IDENTIFIER = snake.RandomSnake;
				PRODUCT_NAME = "$(TARGET_NAME)";
				SWIFT_EMIT_LOC_STRINGS = YES;
				SWIFT_VERSION = 5.0;
				TARGETED_DEVICE_FAMILY = "1,2";
			};
			name = Debug;
		};
		011233642BA1EC5700ADEA41 /* Release */ = {
			isa = XCBuildConfiguration;
			buildSettings = {
				ASSETCATALOG_COMPILER_APPICON_NAME = AppIcon;
				ASSETCATALOG_COMPILER_GLOBAL_ACCENT_COLOR_NAME = AccentColor;
				CODE_SIGN_STYLE = Automatic;
				CURRENT_PROJECT_VERSION = 1;
				DEVELOPMENT_TEAM = 7KDZ7J3JZC;
				GENERATE_INFOPLIST_FILE = YES;
				INFOPLIST_FILE = RandomSnake/Info.plist;
				INFOPLIST_KEY_UIApplicationSupportsIndirectInputEvents = YES;
				INFOPLIST_KEY_UILaunchStoryboardName = LaunchScreen;
				INFOPLIST_KEY_UIMainStoryboardFile = Main;
				INFOPLIST_KEY_UISupportedInterfaceOrientations_iPad = "UIInterfaceOrientationPortrait UIInterfaceOrientationPortraitUpsideDown UIInterfaceOrientationLandscapeLeft UIInterfaceOrientationLandscapeRight";
				INFOPLIST_KEY_UISupportedInterfaceOrientations_iPhone = "UIInterfaceOrientationPortrait UIInterfaceOrientationLandscapeLeft UIInterfaceOrientationLandscapeRight";
				LD_RUNPATH_SEARCH_PATHS = (
					"$(inherited)",
					"@executable_path/Frameworks",
				);
				MARKETING_VERSION = 1.0;
				PRODUCT_BUNDLE_IDENTIFIER = snake.RandomSnake;
				PRODUCT_NAME = "$(TARGET_NAME)";
				SWIFT_EMIT_LOC_STRINGS = YES;
				SWIFT_VERSION = 5.0;
				TARGETED_DEVICE_FAMILY = "1,2";
			};
			name = Release;
		};
		011233662BA1EC5700ADEA41 /* Debug */ = {
			isa = XCBuildConfiguration;
			buildSettings = {
				ALWAYS_EMBED_SWIFT_STANDARD_LIBRARIES = YES;
				BUNDLE_LOADER = "$(TEST_HOST)";
				CODE_SIGN_STYLE = Automatic;
				CURRENT_PROJECT_VERSION = 1;
				DEVELOPMENT_TEAM = 7KDZ7J3JZC;
				GENERATE_INFOPLIST_FILE = YES;
				IPHONEOS_DEPLOYMENT_TARGET = 17.2;
				MARKETING_VERSION = 1.0;
				PRODUCT_BUNDLE_IDENTIFIER = snake.RandomSnakeTests;
				PRODUCT_NAME = "$(TARGET_NAME)";
				SWIFT_EMIT_LOC_STRINGS = NO;
				SWIFT_VERSION = 5.0;
				TARGETED_DEVICE_FAMILY = "1,2";
				TEST_HOST = "$(BUILT_PRODUCTS_DIR)/RandomSnake.app/$(BUNDLE_EXECUTABLE_FOLDER_PATH)/RandomSnake";
			};
			name = Debug;
		};
		011233672BA1EC5700ADEA41 /* Release */ = {
			isa = XCBuildConfiguration;
			buildSettings = {
				ALWAYS_EMBED_SWIFT_STANDARD_LIBRARIES = YES;
				BUNDLE_LOADER = "$(TEST_HOST)";
				CODE_SIGN_STYLE = Automatic;
				CURRENT_PROJECT_VERSION = 1;
				DEVELOPMENT_TEAM = 7KDZ7J3JZC;
				GENERATE_INFOPLIST_FILE = YES;
				IPHONEOS_DEPLOYMENT_TARGET = 17.2;
				MARKETING_VERSION = 1.0;
				PRODUCT_BUNDLE_IDENTIFIER = snake.RandomSnakeTests;
				PRODUCT_NAME = "$(TARGET_NAME)";
				SWIFT_EMIT_LOC_STRINGS = NO;
				SWIFT_VERSION = 5.0;
				TARGETED_DEVICE_FAMILY = "1,2";
				TEST_HOST = "$(BUILT_PRODUCTS_DIR)/RandomSnake.app/$(BUNDLE_EXECUTABLE_FOLDER_PATH)/RandomSnake";
			};
			name = Release;
		};
		011233692BA1EC5700ADEA41 /* Debug */ = {
			isa = XCBuildConfiguration;
			buildSettings = {
				ALWAYS_EMBED_SWIFT_STANDARD_LIBRARIES = YES;
				CODE_SIGN_STYLE = Automatic;
				CURRENT_PROJECT_VERSION = 1;
				DEVELOPMENT_TEAM = 7KDZ7J3JZC;
				GENERATE_INFOPLIST_FILE = YES;
				MARKETING_VERSION = 1.0;
				PRODUCT_BUNDLE_IDENTIFIER = snake.RandomSnakeUITests;
				PRODUCT_NAME = "$(TARGET_NAME)";
				SWIFT_EMIT_LOC_STRINGS = NO;
				SWIFT_VERSION = 5.0;
				TARGETED_DEVICE_FAMILY = "1,2";
				TEST_TARGET_NAME = RandomSnake;
			};
			name = Debug;
		};
		0112336A2BA1EC5700ADEA41 /* Release */ = {
			isa = XCBuildConfiguration;
			buildSettings = {
				ALWAYS_EMBED_SWIFT_STANDARD_LIBRARIES = YES;
				CODE_SIGN_STYLE = Automatic;
				CURRENT_PROJECT_VERSION = 1;
				DEVELOPMENT_TEAM = 7KDZ7J3JZC;
				GENERATE_INFOPLIST_FILE = YES;
				MARKETING_VERSION = 1.0;
				PRODUCT_BUNDLE_IDENTIFIER = snake.RandomSnakeUITests;
				PRODUCT_NAME = "$(TARGET_NAME)";
				SWIFT_EMIT_LOC_STRINGS = NO;
				SWIFT_VERSION = 5.0;
				TARGETED_DEVICE_FAMILY = "1,2";
				TEST_TARGET_NAME = RandomSnake;
			};
			name = Release;
		};
/* End XCBuildConfiguration section */

/* Begin XCConfigurationList section */
		011233332BA1EC5600ADEA41 /* Build configuration list for PBXProject "RandomSnake" */ = {
			isa = XCConfigurationList;
			buildConfigurations = (
				011233602BA1EC5700ADEA41 /* Debug */,
				011233612BA1EC5700ADEA41 /* Release */,
			);
			defaultConfigurationIsVisible = 0;
			defaultConfigurationName = Release;
		};
		011233622BA1EC5700ADEA41 /* Build configuration list for PBXNativeTarget "RandomSnake" */ = {
			isa = XCConfigurationList;
			buildConfigurations = (
				011233632BA1EC5700ADEA41 /* Debug */,
				011233642BA1EC5700ADEA41 /* Release */,
			);
			defaultConfigurationIsVisible = 0;
			defaultConfigurationName = Release;
		};
		011233652BA1EC5700ADEA41 /* Build configuration list for PBXNativeTarget "RandomSnakeTests" */ = {
			isa = XCConfigurationList;
			buildConfigurations = (
				011233662BA1EC5700ADEA41 /* Debug */,
				011233672BA1EC5700ADEA41 /* Release */,
			);
			defaultConfigurationIsVisible = 0;
			defaultConfigurationName = Release;
		};
		011233682BA1EC5700ADEA41 /* Build configuration list for PBXNativeTarget "RandomSnakeUITests" */ = {
			isa = XCConfigurationList;
			buildConfigurations = (
				011233692BA1EC5700ADEA41 /* Debug */,
				0112336A2BA1EC5700ADEA41 /* Release */,
			);
			defaultConfigurationIsVisible = 0;
			defaultConfigurationName = Release;
		};
/* End XCConfigurationList section */
	};
	rootObject = 011233302BA1EC5600ADEA41 /* Project object */;
}
